{
  "name": "@precomponents/storybook-integration",
  "version": "0.0.1",
  "lockfileVersion": 3,
  "requires": true,
  "packages": {
    "": {
      "name": "@precomponents/storybook-integration",
      "version": "0.0.1",
      "dependencies": {
        "@astrojs/starlight": "^0.35.1",
        "@storybook/builder-vite": "^9.0.17",
        "@types/wait-on": "^5.3.4",
        "vite": "^7.0.4",
        "wait-on": "^8.0.3"
      },
      "bin": {
        "storydoc": "dist/cli.js"
      },
      "devDependencies": {
        "@types/polka": "^0.5.7",
        "@types/react": "^19.1.8",
        "react": "^18.3.1"
      },
      "peerDependencies": {
        "react": "*",
        "storybook": "*"
      }
    },
    "../../node_modules/.pnpm/@astrojs+starlight@0.35.1_astro@5.11.1_@types+node@24.0.14_rollup@4.45.0_typescript@5.8.3_/node_modules/@astrojs/starlight": {
      "version": "0.35.1",
      "license": "MIT",
      "dependencies": {
        "@astrojs/markdown-remark": "^6.3.1",
        "@astrojs/mdx": "^4.2.3",
        "@astrojs/sitemap": "^3.3.0",
        "@pagefind/default-ui": "^1.3.0",
        "@types/hast": "^3.0.4",
        "@types/js-yaml": "^4.0.9",
        "@types/mdast": "^4.0.4",
        "astro-expressive-code": "^0.41.1",
        "bcp-47": "^2.1.0",
        "hast-util-from-html": "^2.0.1",
        "hast-util-select": "^6.0.2",
        "hast-util-to-string": "^3.0.0",
        "hastscript": "^9.0.0",
        "i18next": "^23.11.5",
        "js-yaml": "^4.1.0",
        "klona": "^2.0.6",
        "mdast-util-directive": "^3.0.0",
        "mdast-util-to-markdown": "^2.1.0",
        "mdast-util-to-string": "^4.0.0",
        "pagefind": "^1.3.0",
        "rehype": "^13.0.1",
        "rehype-format": "^5.0.0",
        "remark-directive": "^3.0.0",
        "ultrahtml": "^1.6.0",
        "unified": "^11.0.5",
        "unist-util-visit": "^5.0.0",
        "vfile": "^6.0.2"
      },
      "devDependencies": {
        "@playwright/test": "^1.45.0",
        "@types/node": "^18.16.19",
        "@vitest/coverage-v8": "^3.0.5",
        "astro": "^5.6.1",
        "linkedom": "^0.18.4",
        "vitest": "^3.0.5"
      },
      "peerDependencies": {
        "astro": "^5.5.0"
      }
    },
    "../../node_modules/.pnpm/@storybook+builder-vite@9.0.17_storybook@9.0.16_@testing-library+dom@10.4.0_prettier@3._341a0422e737e284a5d08374f5b3073a/node_modules/@storybook/builder-vite": {
      "version": "9.0.17",
      "license": "MIT",
      "dependencies": {
        "@storybook/csf-plugin": "9.0.17",
        "ts-dedent": "^2.0.0"
      },
      "devDependencies": {
        "@types/find-cache-dir": "^3.2.1",
        "@types/node": "^22.0.0",
        "es-module-lexer": "^1.5.0",
        "find-cache-dir": "^3.0.0",
        "glob": "^10.0.0",
        "knitwork": "^1.1.0",
        "magic-string": "^0.30.0",
        "pathe": "^1.1.2",
        "slash": "^5.0.0",
        "vite": "^6.2.5"
      },
      "funding": {
        "type": "opencollective",
        "url": "https://opencollective.com/storybook"
      },
      "peerDependencies": {
        "storybook": "^9.0.17",
        "vite": "^5.0.0 || ^6.0.0 || ^7.0.0"
      }
    },
    "../../node_modules/.pnpm/@types+koa@2.15.0/node_modules/@types/koa": {
      "version": "2.15.0",
      "extraneous": true,
      "license": "MIT",
      "dependencies": {
        "@types/accepts": "*",
        "@types/content-disposition": "*",
        "@types/cookies": "*",
        "@types/http-assert": "*",
        "@types/http-errors": "*",
        "@types/keygrip": "*",
        "@types/koa-compose": "*",
        "@types/node": "*"
      }
    },
    "../../node_modules/.pnpm/@types+polka@0.5.7/node_modules/@types/polka": {
      "version": "0.5.7",
      "dev": true,
      "license": "MIT",
      "dependencies": {
        "@types/express": "*",
        "@types/express-serve-static-core": "*",
        "@types/node": "*",
        "@types/trouter": "*"
      }
    },
    "../../node_modules/.pnpm/@types+wait-on@5.3.4/node_modules/@types/wait-on": {
      "version": "5.3.4",
      "license": "MIT",
      "dependencies": {
        "@types/node": "*"
      }
    },
    "../../node_modules/.pnpm/astro-pages-hmr@0.1.2/node_modules/astro-pages-hmr": {
      "version": "0.1.2",
      "extraneous": true,
      "license": "MIT",
      "devDependencies": {
        "@types/node": "^20.12.8",
        "astro": "^4.7.1",
        "esbuild": "^0.20.2",
        "micromorph": "^0.4.5",
        "prettier": "^3.2.5",
        "prettier-plugin-astro": "^0.13.0",
        "vite": "^5.2.11"
      }
    },
    "../../node_modules/.pnpm/astro@5.11.1_@types+node@24.0.14_rollup@4.45.0_typescript@5.8.3/node_modules/astro": {
      "version": "5.11.1",
      "extraneous": true,
      "license": "MIT",
      "dependencies": {
        "@astrojs/compiler": "^2.12.2",
        "@astrojs/internal-helpers": "0.6.1",
        "@astrojs/markdown-remark": "6.3.2",
        "@astrojs/telemetry": "3.3.0",
        "@capsizecss/unpack": "^2.4.0",
        "@oslojs/encoding": "^1.1.0",
        "@rollup/pluginutils": "^5.1.4",
        "acorn": "^8.14.1",
        "aria-query": "^5.3.2",
        "axobject-query": "^4.1.0",
        "boxen": "8.0.1",
        "ci-info": "^4.2.0",
        "clsx": "^2.1.1",
        "common-ancestor-path": "^1.0.1",
        "cookie": "^1.0.2",
        "cssesc": "^3.0.0",
        "debug": "^4.4.0",
        "deterministic-object-hash": "^2.0.2",
        "devalue": "^5.1.1",
        "diff": "^5.2.0",
        "dlv": "^1.1.3",
        "dset": "^3.1.4",
        "es-module-lexer": "^1.6.0",
        "esbuild": "^0.25.0",
        "estree-walker": "^3.0.3",
        "flattie": "^1.1.1",
        "fontace": "~0.3.0",
        "github-slugger": "^2.0.0",
        "html-escaper": "3.0.3",
        "http-cache-semantics": "^4.1.1",
        "import-meta-resolve": "^4.1.0",
        "js-yaml": "^4.1.0",
        "kleur": "^4.1.5",
        "magic-string": "^0.30.17",
        "magicast": "^0.3.5",
        "mrmime": "^2.0.1",
        "neotraverse": "^0.6.18",
        "p-limit": "^6.2.0",
        "p-queue": "^8.1.0",
        "package-manager-detector": "^1.1.0",
        "picomatch": "^4.0.2",
        "prompts": "^2.4.2",
        "rehype": "^13.0.2",
        "semver": "^7.7.1",
        "shiki": "^3.2.1",
        "tinyexec": "^0.3.2",
        "tinyglobby": "^0.2.12",
        "tsconfck": "^3.1.5",
        "ultrahtml": "^1.6.0",
        "unifont": "~0.5.0",
        "unist-util-visit": "^5.0.0",
        "unstorage": "^1.15.0",
        "vfile": "^6.0.3",
        "vite": "^6.3.4",
        "vitefu": "^1.0.6",
        "xxhash-wasm": "^1.1.0",
        "yargs-parser": "^21.1.1",
        "yocto-spinner": "^0.2.1",
        "zod": "^3.24.2",
        "zod-to-json-schema": "^3.24.5",
        "zod-to-ts": "^1.2.0"
      },
      "bin": {
        "astro": "astro.js"
      },
      "devDependencies": {
        "@astrojs/check": "^0.9.4",
        "@playwright/test": "^1.51.1",
        "@types/aria-query": "^5.0.4",
        "@types/common-ancestor-path": "^1.0.2",
        "@types/cssesc": "^3.0.2",
        "@types/debug": "^4.1.12",
        "@types/diff": "^5.2.3",
        "@types/dlv": "^1.1.5",
        "@types/hast": "^3.0.4",
        "@types/html-escaper": "3.0.4",
        "@types/http-cache-semantics": "^4.0.4",
        "@types/js-yaml": "^4.0.9",
        "@types/picomatch": "^3.0.2",
        "@types/prompts": "^2.4.9",
        "@types/semver": "^7.7.0",
        "@types/yargs-parser": "^21.0.3",
        "astro-scripts": "0.0.14",
        "cheerio": "1.0.0",
        "eol": "^0.10.0",
        "execa": "^8.0.1",
        "expect-type": "^1.2.0",
        "fs-fixture": "^2.7.1",
        "mdast-util-mdx": "^3.0.0",
        "mdast-util-mdx-jsx": "^3.2.0",
        "node-mocks-http": "^1.16.2",
        "parse-srcset": "^1.0.2",
        "rehype-autolink-headings": "^7.1.0",
        "rehype-slug": "^6.0.0",
        "rehype-toc": "^3.0.2",
        "remark-code-titles": "^0.1.2",
        "rollup": "^4.37.0",
        "sass": "^1.86.0",
        "typescript": "^5.8.3",
        "undici": "^7.5.0",
        "unified": "^11.0.5",
        "vitest": "^3.0.9"
      },
      "engines": {
        "node": "18.20.8 || ^20.3.0 || >=22.0.0",
        "npm": ">=9.6.5",
        "pnpm": ">=7.1.0"
      },
      "funding": {
        "type": "opencollective",
        "url": "https://opencollective.com/astrodotbuild"
      },
      "optionalDependencies": {
        "sharp": "^0.33.3"
      }
    },
    "../../node_modules/.pnpm/http-proxy-middleware@3.0.5/node_modules/http-proxy-middleware": {
      "version": "3.0.5",
      "extraneous": true,
      "license": "MIT",
      "dependencies": {
        "@types/http-proxy": "^1.17.15",
        "debug": "^4.3.6",
        "http-proxy": "^1.18.1",
        "is-glob": "^4.0.3",
        "is-plain-object": "^5.0.0",
        "micromatch": "^4.0.8"
      },
      "devDependencies": {
        "@commitlint/cli": "19.8.0",
        "@commitlint/config-conventional": "19.8.0",
        "@eslint/js": "9.23.0",
        "@types/debug": "4.1.12",
        "@types/eslint": "9.6.1",
        "@types/express": "4.17.21",
        "@types/is-glob": "4.0.4",
        "@types/jest": "29.5.14",
        "@types/micromatch": "4.0.9",
        "@types/node": "22.10.2",
        "@types/supertest": "6.0.2",
        "@types/ws": "8.18.0",
        "body-parser": "1.20.3",
        "eslint": "9.23.0",
        "eslint-config-prettier": "10.1.1",
        "eslint-plugin-prettier": "5.2.3",
        "express": "4.21.2",
        "get-port": "5.1.1",
        "globals": "16.0.0",
        "husky": "9.1.7",
        "jest": "29.7.0",
        "lint-staged": "15.5.0",
        "mockttp": "3.17.0",
        "open": "8.4.2",
        "patch-package": "8.0.0",
        "pkg-pr-new": "0.0.41",
        "prettier": "3.5.3",
        "supertest": "7.1.0",
        "ts-jest": "29.2.6",
        "typescript": "5.8.2",
        "typescript-eslint": "8.27.0",
        "ws": "8.18.1"
      },
      "engines": {
        "node": "^14.15.0 || ^16.10.0 || >=18.0.0"
      }
    },
    "../../node_modules/.pnpm/koa@3.0.0/node_modules/koa": {
      "version": "3.0.0",
      "extraneous": true,
      "license": "MIT",
      "dependencies": {
        "accepts": "^1.3.5",
        "cache-content-type": "^1.0.0",
        "content-disposition": "~0.5.2",
        "content-type": "^1.0.4",
        "cookies": "~0.9.1",
        "debug": "^4.3.2",
        "delegates": "^1.0.0",
        "destroy": "^1.0.4",
        "encodeurl": "^2.0.0",
        "escape-html": "^1.0.3",
        "fresh": "~0.5.2",
        "http-assert": "^1.3.0",
        "http-errors": "^2.0.0",
        "koa-compose": "^4.1.0",
        "on-finished": "^2.3.0",
        "parseurl": "^1.3.2",
        "statuses": "^2.0.1",
        "type-is": "^2.0.1",
        "vary": "^1.1.2"
      },
      "devDependencies": {
        "c8": "^10.1.3",
        "gen-esm-wrapper": "^1.0.6",
        "snazzy": "^9.0.0",
        "standard": "^17.1.0",
        "supertest": "^7.0.0"
      },
      "engines": {
        "node": ">= 18"
      }
    },
    "../../node_modules/.pnpm/react@18.3.1/node_modules/react": {
      "version": "18.3.1",
      "dev": true,
      "license": "MIT",
      "dependencies": {
        "loose-envify": "^1.1.0"
      },
      "engines": {
        "node": ">=0.10.0"
      }
    },
    "../../node_modules/.pnpm/starlight@0.3.9/node_modules/starlight": {
      "version": "0.3.9",
      "extraneous": true,
      "license": "MIT",
      "devDependencies": {
        "grunt": "^1.0.1",
        "grunt-contrib-sass": "^1.0.0",
        "grunt-sass": "^2.0.0",
        "grunt-scss-lint": "^0.5.0",
        "sass-true": "^3.0.0-beta.1"
      }
    },
    "../../node_modules/.pnpm/storybook@9.0.16_@testing-library+dom@10.4.0_prettier@3.6.2/node_modules/storybook": {
      "version": "9.0.16",
      "license": "MIT",
      "peer": true,
      "dependencies": {
        "@storybook/global": "^5.0.0",
        "@testing-library/jest-dom": "^6.6.3",
        "@testing-library/user-event": "^14.6.1",
        "@vitest/expect": "3.2.4",
        "@vitest/spy": "3.2.4",
        "better-opn": "^3.0.2",
        "esbuild": "^0.18.0 || ^0.19.0 || ^0.20.0 || ^0.21.0 || ^0.22.0 || ^0.23.0 || ^0.24.0 || ^0.25.0",
        "esbuild-register": "^3.5.0",
        "recast": "^0.23.5",
        "semver": "^7.6.2",
        "ws": "^8.18.0"
      },
      "bin": {
        "storybook": "bin/index.cjs"
      },
      "devDependencies": {
        "@aw-web-design/x-default-browser": "1.4.126",
        "@babel/core": "^7.26.9",
        "@babel/generator": "^7.26.9",
        "@babel/parser": "^7.26.9",
        "@babel/traverse": "^7.26.9",
        "@babel/types": "^7.26.8",
        "@clack/prompts": "^1.0.0-alpha.0",
        "@devtools-ds/object-inspector": "^1.1.2",
        "@discoveryjs/json-ext": "^0.5.3",
        "@emotion/cache": "^11.14.0",
        "@emotion/is-prop-valid": "^1.3.1",
        "@emotion/react": "^11.14.0",
        "@emotion/styled": "^11.14.0",
        "@fal-works/esbuild-plugin-global-externals": "^2.1.2",
        "@ndelangen/get-tarball": "^3.0.7",
        "@ngard/tiny-isequal": "^1.1.0",
        "@polka/compression": "^1.0.0-next.28",
        "@radix-ui/react-dialog": "^1.1.2",
        "@radix-ui/react-scroll-area": "1.2.0-rc.7",
        "@radix-ui/react-slot": "^1.0.2",
        "@storybook/docs-mdx": "4.0.0-next.1",
        "@storybook/icons": "^1.4.0",
        "@tanstack/react-virtual": "^3.3.0",
        "@testing-library/dom": "10.4.0",
        "@testing-library/react": "^14.0.0",
        "@types/cross-spawn": "^6.0.6",
        "@types/detect-port": "^1.3.0",
        "@types/diff": "^5.0.9",
        "@types/ejs": "^3.1.1",
        "@types/find-cache-dir": "^5.0.0",
        "@types/js-yaml": "^4.0.5",
        "@types/node": "^22.0.0",
        "@types/npmlog": "^7.0.0",
        "@types/picomatch": "^2.3.0",
        "@types/prettier": "^3.0.0",
        "@types/pretty-hrtime": "^1.0.0",
        "@types/prompts": "^2.0.9",
        "@types/react-syntax-highlighter": "11.0.5",
        "@types/react-transition-group": "^4",
        "@types/semver": "^7.5.8",
        "@types/ws": "^8",
        "@vitest/utils": "^3.2.4",
        "@yarnpkg/esbuild-plugin-pnp": "^3.0.0-rc.10",
        "@yarnpkg/fslib": "2.10.3",
        "@yarnpkg/libzip": "2.3.0",
        "ansi-to-html": "^0.7.2",
        "boxen": "^7.1.1",
        "browser-dtector": "^3.4.0",
        "bundle-require": "^5.1.0",
        "camelcase": "^8.0.0",
        "chai": "^5.1.1",
        "cli-table3": "^0.6.1",
        "commander": "^12.1.0",
        "comment-parser": "^1.4.1",
        "copy-to-clipboard": "^3.3.1",
        "cross-spawn": "^7.0.6",
        "deep-object-diff": "^1.1.0",
        "dequal": "^2.0.2",
        "detect-indent": "^7.0.1",
        "detect-port": "^1.3.0",
        "diff": "^5.2.0",
        "downshift": "^9.0.4",
        "ejs": "^3.1.10",
        "es-toolkit": "^1.36.0",
        "esbuild": "^0.18.0 || ^0.19.0 || ^0.20.0 || ^0.21.0 || ^0.22.0 || ^0.23.0 || ^0.24.0 || ^0.25.0",
        "execa": "^8.0.1",
        "fd-package-json": "^1.2.0",
        "fetch-retry": "^6.0.0",
        "find-cache-dir": "^5.0.0",
        "find-up": "^7.0.0",
        "flush-promises": "^1.0.2",
        "fuse.js": "^3.6.1",
        "get-npm-tarball-url": "^2.0.3",
        "glob": "^10.0.0",
        "globby": "^14.0.1",
        "jiti": "^1.21.6",
        "js-yaml": "^4.1.0",
        "jsdoc-type-pratt-parser": "^4.0.0",
        "lazy-universal-dotenv": "^4.0.0",
        "leven": "^4.0.0",
        "memfs": "^4.11.1",
        "memoizerific": "^1.11.3",
        "nanoid": "^4.0.2",
        "npmlog": "^7.0.0",
        "open": "^8.4.0",
        "p-limit": "^6.2.0",
        "package-manager-detector": "^1.1.0",
        "picocolors": "^1.1.0",
        "picomatch": "^2.3.0",
        "picoquery": "^1.4.0",
        "polished": "^4.2.2",
        "polka": "^1.0.0-next.28",
        "prettier": "^3.5.3",
        "pretty-hrtime": "^1.0.3",
        "prompts": "^2.4.0",
        "react": "^18.2.0",
        "react-dom": "^18.2.0",
        "react-helmet-async": "^1.3.0",
        "react-inspector": "^6.0.0",
        "react-popper-tooltip": "^4.4.2",
        "react-router-dom": "6.15.0",
        "react-syntax-highlighter": "^15.4.5",
        "react-textarea-autosize": "^8.3.0",
        "react-transition-group": "^4.4.5",
        "require-from-string": "^2.0.2",
        "resolve-from": "^5.0.0",
        "sirv": "^2.0.4",
        "slash": "^5.0.0",
        "source-map": "^0.7.4",
        "store2": "^2.14.2",
        "strip-ansi": "^7.1.0",
        "strip-json-comments": "^5.0.1",
        "telejson": "8.0.0",
        "tiny-invariant": "^1.3.1",
        "tinyspy": "^3.0.2",
        "ts-dedent": "^2.0.0",
        "tsconfig-paths": "^4.2.0",
        "tsup": "^6.7.0",
        "type-fest": "^4.18.1",
        "typescript": "^5.8.3",
        "unique-string": "^3.0.0",
        "use-resize-observer": "^9.1.0",
        "watchpack": "^2.2.0",
        "zod": "^3.24.1"
      },
      "funding": {
        "type": "opencollective",
        "url": "https://opencollective.com/storybook"
      },
      "peerDependencies": {
        "prettier": "^2 || ^3"
      },
      "peerDependenciesMeta": {
        "prettier": {
          "optional": true
        }
      }
    },
    "../../node_modules/.pnpm/vite@7.0.4_@types+node@24.0.14/node_modules/vite": {
      "version": "7.0.4",
      "license": "MIT",
      "dependencies": {
        "esbuild": "^0.25.0",
        "fdir": "^6.4.6",
        "picomatch": "^4.0.2",
        "postcss": "^8.5.6",
        "rollup": "^4.40.0",
        "tinyglobby": "^0.2.14"
      },
      "bin": {
        "vite": "bin/vite.js"
      },
      "devDependencies": {
        "@ampproject/remapping": "^2.3.0",
        "@babel/parser": "^7.28.0",
        "@jridgewell/trace-mapping": "^0.3.29",
        "@oxc-project/types": "0.75.1",
        "@polka/compression": "^1.0.0-next.25",
        "@rollup/plugin-alias": "^5.1.1",
        "@rollup/plugin-commonjs": "^28.0.6",
        "@rollup/plugin-dynamic-import-vars": "2.1.4",
        "@rollup/pluginutils": "^5.2.0",
        "@types/escape-html": "^1.0.4",
        "@types/pnpapi": "^0.0.5",
        "artichokie": "^0.3.2",
        "baseline-browser-mapping": "^2.4.4",
        "cac": "^6.7.14",
        "chokidar": "^3.6.0",
        "connect": "^3.7.0",
        "convert-source-map": "^2.0.0",
        "cors": "^2.8.5",
        "cross-spawn": "^7.0.6",
        "debug": "^4.4.1",
        "dep-types": "link:./src/types",
        "dotenv": "^17.0.1",
        "dotenv-expand": "^12.0.2",
        "es-module-lexer": "^1.7.0",
        "escape-html": "^1.0.3",
        "estree-walker": "^3.0.3",
        "etag": "^1.8.1",
        "host-validation-middleware": "^0.1.1",
        "http-proxy": "^1.18.1",
        "launch-editor-middleware": "^2.10.0",
        "lightningcss": "^1.30.1",
        "magic-string": "^0.30.17",
        "mlly": "^1.7.4",
        "mrmime": "^2.0.1",
        "nanoid": "^5.1.5",
        "open": "^10.1.2",
        "parse5": "^7.3.0",
        "pathe": "^2.0.3",
        "periscopic": "^4.0.2",
        "picocolors": "^1.1.1",
        "postcss-import": "^16.1.1",
        "postcss-load-config": "^6.0.1",
        "postcss-modules": "^6.0.1",
        "premove": "^4.0.0",
        "resolve.exports": "^2.0.3",
        "rolldown": "^1.0.0-beta.24",
        "rolldown-plugin-dts": "^0.13.13",
        "rollup-plugin-license": "^3.6.0",
        "sass": "^1.89.2",
        "sass-embedded": "^1.89.2",
        "sirv": "^3.0.1",
        "strip-literal": "^3.0.0",
        "terser": "^5.43.1",
        "tsconfck": "^3.1.6",
        "types": "link:./types",
        "ufo": "^1.6.1",
        "ws": "^8.18.3"
      },
      "engines": {
        "node": "^20.19.0 || >=22.12.0"
      },
      "funding": {
        "url": "https://github.com/vitejs/vite?sponsor=1"
      },
      "optionalDependencies": {
        "fsevents": "~2.3.3"
      },
      "peerDependencies": {
        "@types/node": "^20.19.0 || >=22.12.0",
        "jiti": ">=1.21.0",
        "less": "^4.0.0",
        "lightningcss": "^1.21.0",
        "sass": "^1.70.0",
        "sass-embedded": "^1.70.0",
        "stylus": ">=0.54.8",
        "sugarss": "^5.0.0",
        "terser": "^5.16.0",
        "tsx": "^4.8.1",
        "yaml": "^2.4.2"
      },
      "peerDependenciesMeta": {
        "@types/node": {
          "optional": true
        },
        "jiti": {
          "optional": true
        },
        "less": {
          "optional": true
        },
        "lightningcss": {
          "optional": true
        },
        "sass": {
          "optional": true
        },
        "sass-embedded": {
          "optional": true
        },
        "stylus": {
          "optional": true
        },
        "sugarss": {
          "optional": true
        },
        "terser": {
          "optional": true
        },
        "tsx": {
          "optional": true
        },
        "yaml": {
          "optional": true
        }
      }
    },
    "../../node_modules/.pnpm/wait-on@8.0.3/node_modules/wait-on": {
      "version": "8.0.3",
      "license": "MIT",
      "dependencies": {
        "axios": "^1.8.2",
        "joi": "^17.13.3",
        "lodash": "^4.17.21",
        "minimist": "^1.2.8",
        "rxjs": "^7.8.2"
      },
      "bin": {
        "wait-on": "bin/wait-on"
      },
      "devDependencies": {
        "eslint": "^9.22.0",
        "eslint-plugin-chai-friendly": "^1.0.1",
        "expect-legacy": "^1.20.2",
        "mkdirp": "^1.0.4",
        "mocha": "^10.7.3",
        "temp": "^0.9.4"
      },
      "engines": {
        "node": ">=12.0.0"
      }
    },
    "node_modules/@astrojs/starlight": {
      "resolved": "../../node_modules/.pnpm/@astrojs+starlight@0.35.1_astro@5.11.1_@types+node@24.0.14_rollup@4.45.0_typescript@5.8.3_/node_modules/@astrojs/starlight",
      "link": true
    },
    "node_modules/@storybook/builder-vite": {
      "resolved": "../../node_modules/.pnpm/@storybook+builder-vite@9.0.17_storybook@9.0.16_@testing-library+dom@10.4.0_prettier@3._341a0422e737e284a5d08374f5b3073a/node_modules/@storybook/builder-vite",
      "link": true
    },
    "node_modules/@types/polka": {
      "resolved": "../../node_modules/.pnpm/@types+polka@0.5.7/node_modules/@types/polka",
      "link": true
    },
    "node_modules/@types/react": {
      "version": "19.1.8",
      "resolved": "https://registry.npmjs.org/@types/react/-/react-19.1.8.tgz",
      "integrity": "sha512-AwAfQ2Wa5bCx9WP8nZL2uMZWod7J7/JSplxbTmBQ5ms6QpqNYm672H0Vu9ZVKVngQ+ii4R/byguVEUZQyeg44g==",
      "dev": true,
      "license": "MIT",
      "dependencies": {
        "csstype": "^3.0.2"
      }
    },
    "node_modules/@types/wait-on": {
      "resolved": "../../node_modules/.pnpm/@types+wait-on@5.3.4/node_modules/@types/wait-on",
      "link": true
    },
    "node_modules/csstype": {
      "version": "3.1.3",
      "resolved": "https://registry.npmjs.org/csstype/-/csstype-3.1.3.tgz",
      "integrity": "sha512-M1uQkMl8rQK/szD0LNhtqxIPLpimGm8sOBwU7lLnCpSbTyY3yeU1Vc7l4KT5zT4s/yOxHH5O7tIuuLOCnLADRw==",
      "dev": true,
      "license": "MIT"
    },
    "node_modules/react": {
      "resolved": "../../node_modules/.pnpm/react@18.3.1/node_modules/react",
      "link": true
    },
    "node_modules/storybook": {
      "resolved": "../../node_modules/.pnpm/storybook@9.0.16_@testing-library+dom@10.4.0_prettier@3.6.2/node_modules/storybook",
      "link": true
    },
    "node_modules/vite": {
      "resolved": "../../node_modules/.pnpm/vite@7.0.4_@types+node@24.0.14/node_modules/vite",
      "link": true
    },
    "node_modules/wait-on": {
      "resolved": "../../node_modules/.pnpm/wait-on@8.0.3/node_modules/wait-on",
      "link": true
    }
  }
}
